
Microsoft Visual Studio Solution File, Format Version 12.00
# Visual Studio 2012
Project("{FAE04EC0-301F-11D3-BF4B-00C04F79EFBC}") = "SL136", "SL136\SL136.csproj", "{15B3E0D2-6217-493A-A690-158C497F5318}"
EndProject
Project("{FAE04EC0-301F-11D3-BF4B-00C04F79EFBC}") = "POCO", "POCO\POCO.csproj", "{A04CC3FC-B508-435D-AA7D-F25E5F172ACA}"
EndProject
Project("{FAE04EC0-301F-11D3-BF4B-00C04F79EFBC}") = "BL", "BL\BL.csproj", "{523F3074-E28C-42F8-AB8D-D65E6A77352D}"
EndProject
Project("{FAE04EC0-301F-11D3-BF4B-00C04F79EFBC}") = "DAL", "DAL\DAL.csproj", "{0A1228E9-6729-477A-917B-E68E65B7D67A}"
EndProject
Project("{FAE04EC0-301F-11D3-BF4B-00C04F79EFBC}") = "BLTest", "BLTest\BLTest.csproj", "{C8D59875-BB2B-48B9-B9B6-01B598463FB1}"
EndProject
Project("{FAE04EC0-301F-11D3-BF4B-00C04F79EFBC}") = "DALTest", "DALTest\DALTest.csproj", "{51546E4E-F2CC-4F1F-83A9-CC9177B8071F}"
EndProject
Global
	GlobalSection(SolutionConfigurationPlatforms) = preSolution
		Debug|Any CPU = Debug|Any CPU
		Release|Any CPU = Release|Any CPU
	EndGlobalSection
	GlobalSection(ProjectConfigurationPlatforms) = postSolution
		{15B3E0D2-6217-493A-A690-158C497F5318}.Debug|Any CPU.ActiveCfg = Debug|Any CPU
		{15B3E0D2-6217-493A-A690-158C497F5318}.Debug|Any CPU.Build.0 = Debug|Any CPU
		{15B3E0D2-6217-493A-A690-158C497F5318}.Release|Any CPU.ActiveCfg = Release|Any CPU
		{15B3E0D2-6217-493A-A690-158C497F5318}.Release|Any CPU.Build.0 = Release|Any CPU
		{A04CC3FC-B508-435D-AA7D-F25E5F172ACA}.Debug|Any CPU.ActiveCfg = Debug|Any CPU
		{A04CC3FC-B508-435D-AA7D-F25E5F172ACA}.Debug|Any CPU.Build.0 = Debug|Any CPU
		{A04CC3FC-B508-435D-AA7D-F25E5F172ACA}.Release|Any CPU.ActiveCfg = Release|Any CPU
		{A04CC3FC-B508-435D-AA7D-F25E5F172ACA}.Release|Any CPU.Build.0 = Release|Any CPU
		{523F3074-E28C-42F8-AB8D-D65E6A77352D}.Debug|Any CPU.ActiveCfg = Debug|Any CPU
		{523F3074-E28C-42F8-AB8D-D65E6A77352D}.Debug|Any CPU.Build.0 = Debug|Any CPU
		{523F3074-E28C-42F8-AB8D-D65E6A77352D}.Release|Any CPU.ActiveCfg = Release|Any CPU
		{523F3074-E28C-42F8-AB8D-D65E6A77352D}.Release|Any CPU.Build.0 = Release|Any CPU
		{0A1228E9-6729-477A-917B-E68E65B7D67A}.Debug|Any CPU.ActiveCfg = Debug|Any CPU
		{0A1228E9-6729-477A-917B-E68E65B7D67A}.Debug|Any CPU.Build.0 = Debug|Any CPU
		{0A1228E9-6729-477A-917B-E68E65B7D67A}.Release|Any CPU.ActiveCfg = Release|Any CPU
		{0A1228E9-6729-477A-917B-E68E65B7D67A}.Release|Any CPU.Build.0 = Release|Any CPU
		{C8D59875-BB2B-48B9-B9B6-01B598463FB1}.Debug|Any CPU.ActiveCfg = Debug|Any CPU
		{C8D59875-BB2B-48B9-B9B6-01B598463FB1}.Debug|Any CPU.Build.0 = Debug|Any CPU
		{C8D59875-BB2B-48B9-B9B6-01B598463FB1}.Release|Any CPU.ActiveCfg = Release|Any CPU
		{C8D59875-BB2B-48B9-B9B6-01B598463FB1}.Release|Any CPU.Build.0 = Release|Any CPU
		{51546E4E-F2CC-4F1F-83A9-CC9177B8071F}.Debug|Any CPU.ActiveCfg = Debug|Any CPU
		{51546E4E-F2CC-4F1F-83A9-CC9177B8071F}.Debug|Any CPU.Build.0 = Debug|Any CPU
		{51546E4E-F2CC-4F1F-83A9-CC9177B8071F}.Release|Any CPU.ActiveCfg = Release|Any CPU
		{51546E4E-F2CC-4F1F-83A9-CC9177B8071F}.Release|Any CPU.Build.0 = Release|Any CPU
	EndGlobalSection
	GlobalSection(SolutionProperties) = preSolution
		HideSolutionNode = FALSE
	EndGlobalSection
EndGlobal
